
Microsoft Visual Studio Solution File, Format Version 12.00
# Visual Studio Version 17
VisualStudioVersion = 17.4.33213.308
MinimumVisualStudioVersion = 10.0.40219.1
Project("{9A19103F-16F7-4668-BE54-9A1E7A4F7556}") = "Visualization", "Visualization\Visualization.csproj", "{221446D7-9F4B-446E-BBB3-CFEC3781456B}"
EndProject
Global
	GlobalSection(SolutionConfigurationPlatforms) = preSolution
		Debug|Any CPU = Debug|Any CPU
		Release|Any CPU = Release|Any CPU
	EndGlobalSection
	GlobalSection(ProjectConfigurationPlatforms) = postSolution
		{221446D7-9F4B-446E-BBB3-CFEC3781456B}.Debug|Any CPU.ActiveCfg = Release|Any CPU
		{221446D7-9F4B-446E-BBB3-CFEC3781456B}.Debug|Any CPU.Build.0 = Release|Any CPU
		{221446D7-9F4B-446E-BBB3-CFEC3781456B}.Release|Any CPU.ActiveCfg = Debug|Any CPU
		{221446D7-9F4B-446E-BBB3-CFEC3781456B}.Release|Any CPU.Build.0 = Debug|Any CPU
	EndGlobalSection
	GlobalSection(SolutionProperties) = preSolution
		HideSolutionNode = FALSE
	EndGlobalSection
	GlobalSection(ExtensibilityGlobals) = postSolution
		SolutionGuid = {C44FA797-FD00-4ACD-BE26-CF4A1DD40BD4}
	EndGlobalSection
EndGlobal
